
Microsoft Visual Studio Solution File, Format Version 12.00
# Visual Studio Version 17
VisualStudioVersion = 17.1.32421.90
MinimumVisualStudioVersion = 10.0.40219.1
Project("{FAE04EC0-301F-11D3-BF4B-00C04F79EFBC}") = "Automovel", "Automovel.csproj", "{0ECE640D-45D8-411F-B19A-75FAB32D5627}"
EndProject
Global
	GlobalSection(SolutionConfigurationPlatforms) = preSolution
		Debug|Any CPU = Debug|Any CPU
		Release|Any CPU = Release|Any CPU
	EndGlobalSection
	GlobalSection(ProjectConfigurationPlatforms) = postSolution
		{0ECE640D-45D8-411F-B19A-75FAB32D5627}.Debug|Any CPU.ActiveCfg = Debug|Any CPU
		{0ECE640D-45D8-411F-B19A-75FAB32D5627}.Debug|Any CPU.Build.0 = Debug|Any CPU
		{0ECE640D-45D8-411F-B19A-75FAB32D5627}.Release|Any CPU.ActiveCfg = Release|Any CPU
		{0ECE640D-45D8-411F-B19A-75FAB32D5627}.Release|Any CPU.Build.0 = Release|Any CPU
	EndGlobalSection
	GlobalSection(SolutionProperties) = preSolution
		HideSolutionNode = FALSE
	EndGlobalSection
	GlobalSection(ExtensibilityGlobals) = postSolution
		SolutionGuid = {357880F4-F515-44B4-B8CA-E46294D56EC0}
	EndGlobalSection
EndGlobal
